// !$*UTF8*$!
{
	archiveVersion = 1;
	classes = {
	};
	objectVersion = 50;
	objects = {

/* Begin PBXBuildFile section */
		7EC84F68228A03380035B557 /* main.cpp in Sources */ = {isa = PBXBuildFile; fileRef = 7EC84F67228A03380035B557 /* main.cpp */; };
		7EC84F70228A03560035B557 /* Node.cpp in Sources */ = {isa = PBXBuildFile; fileRef = 7EC84F6E228A03560035B557 /* Node.cpp */; };
		7EC84F74228A05B10035B557 /* LinkedList.cpp in Sources */ = {isa = PBXBuildFile; fileRef = 7EC84F72228A05B10035B557 /* LinkedList.cpp */; };
		7EC84F78228A69930035B557 /* Tree.cpp in Sources */ = {isa = PBXBuildFile; fileRef = 7EC84F76228A69930035B557 /* Tree.cpp */; };
		7EC84F7F228A6AB80035B557 /* Stack_Manager.cpp in Sources */ = {isa = PBXBuildFile; fileRef = 7EC84F7D228A6AB80035B557 /* Stack_Manager.cpp */; };
/* End PBXBuildFile section */

/* Begin PBXCopyFilesBuildPhase section */
		7EC84F62228A03370035B557 /* CopyFiles */ = {
			isa = PBXCopyFilesBuildPhase;
			buildActionMask = 2147483647;
			dstPath = /usr/share/man/man1/;
			dstSubfolderSpec = 0;
			files = (
			);
			runOnlyForDeploymentPostprocessing = 1;
		};
/* End PBXCopyFilesBuildPhase section */

/* Begin PBXFileReference section */
		7EC84F64228A03370035B557 /* cpp-algorithm-club */ = {isa = PBXFileReference; explicitFileType = "compiled.mach-o.executable"; includeInIndex = 0; path = "cpp-algorithm-club"; sourceTree = BUILT_PRODUCTS_DIR; };
		7EC84F67228A03380035B557 /* main.cpp */ = {isa = PBXFileReference; lastKnownFileType = sourcecode.cpp.cpp; path = main.cpp; sourceTree = "<group>"; };
		7EC84F6E228A03560035B557 /* Node.cpp */ = {isa = PBXFileReference; lastKnownFileType = sourcecode.cpp.cpp; path = Node.cpp; sourceTree = "<group>"; };
		7EC84F6F228A03560035B557 /* Node.hpp */ = {isa = PBXFileReference; lastKnownFileType = sourcecode.cpp.h; path = Node.hpp; sourceTree = "<group>"; };
		7EC84F72228A05B10035B557 /* LinkedList.cpp */ = {isa = PBXFileReference; lastKnownFileType = sourcecode.cpp.cpp; path = LinkedList.cpp; sourceTree = "<group>"; };
		7EC84F73228A05B10035B557 /* LinkedList.hpp */ = {isa = PBXFileReference; lastKnownFileType = sourcecode.cpp.h; path = LinkedList.hpp; sourceTree = "<group>"; };
		7EC84F76228A69930035B557 /* Tree.cpp */ = {isa = PBXFileReference; lastKnownFileType = sourcecode.cpp.cpp; path = Tree.cpp; sourceTree = "<group>"; };
		7EC84F77228A69930035B557 /* Tree.hpp */ = {isa = PBXFileReference; lastKnownFileType = sourcecode.cpp.h; path = Tree.hpp; sourceTree = "<group>"; };
		7EC84F7D228A6AB80035B557 /* Stack_Manager.cpp */ = {isa = PBXFileReference; lastKnownFileType = sourcecode.cpp.cpp; path = Stack_Manager.cpp; sourceTree = "<group>"; };
		7EC84F7E228A6AB80035B557 /* Stack_Manager.hpp */ = {isa = PBXFileReference; lastKnownFileType = sourcecode.cpp.h; path = Stack_Manager.hpp; sourceTree = "<group>"; };
/* End PBXFileReference section */

/* Begin PBXFrameworksBuildPhase section */
		7EC84F61228A03370035B557 /* Frameworks */ = {
			isa = PBXFrameworksBuildPhase;
			buildActionMask = 2147483647;
			files = (
			);
			runOnlyForDeploymentPostprocessing = 0;
		};
/* End PBXFrameworksBuildPhase section */

/* Begin PBXGroup section */
		7EC84F5B228A03370035B557 = {
			isa = PBXGroup;
			children = (
				7EC84F66228A03380035B557 /* cpp-algorithm-club */,
				7EC84F65228A03370035B557 /* Products */,
			);
			sourceTree = "<group>";
		};
		7EC84F65228A03370035B557 /* Products */ = {
			isa = PBXGroup;
			children = (
				7EC84F64228A03370035B557 /* cpp-algorithm-club */,
			);
			name = Products;
			sourceTree = "<group>";
		};
		7EC84F66228A03380035B557 /* cpp-algorithm-club */ = {
			isa = PBXGroup;
			children = (
				7EC84F67228A03380035B557 /* main.cpp */,
				7EC84F80228A6ABC0035B557 /* Stack_Manager */,
				7EC84F79228A69970035B557 /* Tree */,
				7EC84F75228A05B50035B557 /* LinkedList */,
				7EC84F71228A03590035B557 /* Node */,
			);
			path = "cpp-algorithm-club";
			sourceTree = "<group>";
		};
		7EC84F71228A03590035B557 /* Node */ = {
			isa = PBXGroup;
			children = (
				7EC84F6F228A03560035B557 /* Node.hpp */,
				7EC84F6E228A03560035B557 /* Node.cpp */,
			);
			path = Node;
			sourceTree = "<group>";
		};
		7EC84F75228A05B50035B557 /* LinkedList */ = {
			isa = PBXGroup;
			children = (
				7EC84F73228A05B10035B557 /* LinkedList.hpp */,
				7EC84F72228A05B10035B557 /* LinkedList.cpp */,
			);
			path = LinkedList;
			sourceTree = "<group>";
		};
		7EC84F79228A69970035B557 /* Tree */ = {
			isa = PBXGroup;
			children = (
				7EC84F76228A69930035B557 /* Tree.cpp */,
				7EC84F77228A69930035B557 /* Tree.hpp */,
			);
			path = Tree;
			sourceTree = "<group>";
		};
		7EC84F80228A6ABC0035B557 /* Stack_Manager */ = {
			isa = PBXGroup;
			children = (
				7EC84F7E228A6AB80035B557 /* Stack_Manager.hpp */,
				7EC84F7D228A6AB80035B557 /* Stack_Manager.cpp */,
			);
			path = Stack_Manager;
			sourceTree = "<group>";
		};
/* End PBXGroup section */

/* Begin PBXNativeTarget section */
		7EC84F63228A03370035B557 /* cpp-algorithm-club */ = {
			isa = PBXNativeTarget;
			buildConfigurationList = 7EC84F6B228A03380035B557 /* Build configuration list for PBXNativeTarget "cpp-algorithm-club" */;
			buildPhases = (
				7EC84F60228A03370035B557 /* Sources */,
				7EC84F61228A03370035B557 /* Frameworks */,
				7EC84F62228A03370035B557 /* CopyFiles */,
			);
			buildRules = (
			);
			dependencies = (
			);
			name = "cpp-algorithm-club";
			productName = "cpp-algorithm-club";
			productReference = 7EC84F64228A03370035B557 /* cpp-algorithm-club */;
			productType = "com.apple.product-type.tool";
		};
/* End PBXNativeTarget section */

/* Begin PBXProject section */
		7EC84F5C228A03370035B557 /* Project object */ = {
			isa = PBXProject;
			attributes = {
				LastUpgradeCheck = 1020;
				ORGANIZATIONNAME = "Nanogram LLC";
				TargetAttributes = {
					7EC84F63228A03370035B557 = {
						CreatedOnToolsVersion = 10.2.1;
					};
				};
			};
			buildConfigurationList = 7EC84F5F228A03370035B557 /* Build configuration list for PBXProject "cpp-algorithm-club" */;
			compatibilityVersion = "Xcode 9.3";
			developmentRegion = en;
			hasScannedForEncodings = 0;
			knownRegions = (
				en,
			);
			mainGroup = 7EC84F5B228A03370035B557;
			productRefGroup = 7EC84F65228A03370035B557 /* Products */;
			projectDirPath = "";
			projectRoot = "";
			targets = (
				7EC84F63228A03370035B557 /* cpp-algorithm-club */,
			);
		};
/* End PBXProject section */

/* Begin PBXSourcesBuildPhase section */
		7EC84F60228A03370035B557 /* Sources */ = {
			isa = PBXSourcesBuildPhase;
			buildActionMask = 2147483647;
			files = (
				7EC84F68228A03380035B557 /* main.cpp in Sources */,
				7EC84F78228A69930035B557 /* Tree.cpp in Sources */,
				7EC84F74228A05B10035B557 /* LinkedList.cpp in Sources */,
				7EC84F7F228A6AB80035B557 /* Stack_Manager.cpp in Sources */,
				7EC84F70228A03560035B557 /* Node.cpp in Sources */,
			);
			runOnlyForDeploymentPostprocessing = 0;
		};
/* End PBXSourcesBuildPhase section */

/* Begin XCBuildConfiguration section */
		7EC84F69228A03380035B557 /* Debug */ = {
			isa = XCBuildConfiguration;
			buildSettings = {
				ALWAYS_SEARCH_USER_PATHS = NO;
				CLANG_ANALYZER_NONNULL = YES;
				CLANG_ANALYZER_NUMBER_OBJECT_CONVERSION = YES_AGGRESSIVE;
				CLANG_CXX_LANGUAGE_STANDARD = "gnu++14";
				CLANG_CXX_LIBRARY = "libc++";
				CLANG_ENABLE_MODULES = YES;
				CLANG_ENABLE_OBJC_ARC = YES;
				CLANG_ENABLE_OBJC_WEAK = YES;
				CLANG_WARN_BLOCK_CAPTURE_AUTORELEASING = YES;
				CLANG_WARN_BOOL_CONVERSION = YES;
				CLANG_WARN_COMMA = YES;
				CLANG_WARN_CONSTANT_CONVERSION = YES;
				CLANG_WARN_DEPRECATED_OBJC_IMPLEMENTATIONS = YES;
				CLANG_WARN_DIRECT_OBJC_ISA_USAGE = YES_ERROR;
				CLANG_WARN_DOCUMENTATION_COMMENTS = YES;
				CLANG_WARN_EMPTY_BODY = YES;
				CLANG_WARN_ENUM_CONVERSION = YES;
				CLANG_WARN_INFINITE_RECURSION = YES;
				CLANG_WARN_INT_CONVERSION = YES;
				CLANG_WARN_NON_LITERAL_NULL_CONVERSION = YES;
				CLANG_WARN_OBJC_IMPLICIT_RETAIN_SELF = YES;
				CLANG_WARN_OBJC_LITERAL_CONVERSION = YES;
				CLANG_WARN_OBJC_ROOT_CLASS = YES_ERROR;
				CLANG_WARN_RANGE_LOOP_ANALYSIS = YES;
				CLANG_WARN_STRICT_PROTOTYPES = YES;
				CLANG_WARN_SUSPICIOUS_MOVE = YES;
				CLANG_WARN_UNGUARDED_AVAILABILITY = YES_AGGRESSIVE;
				CLANG_WARN_UNREACHABLE_CODE = YES;
				CLANG_WARN__DUPLICATE_METHOD_MATCH = YES;
				CODE_SIGN_IDENTITY = "Mac Developer";
				COPY_PHASE_STRIP = NO;
				DEBUG_INFORMATION_FORMAT = dwarf;
				ENABLE_STRICT_OBJC_MSGSEND = YES;
				ENABLE_TESTABILITY = YES;
				GCC_C_LANGUAGE_STANDARD = gnu11;
				GCC_DYNAMIC_NO_PIC = NO;
				GCC_NO_COMMON_BLOCKS = YES;
				GCC_OPTIMIZATION_LEVEL = 0;
				GCC_PREPROCESSOR_DEFINITIONS = (
					"DEBUG=1",
					"$(inherited)",
				);
				GCC_WARN_64_TO_32_BIT_CONVERSION = YES;
				GCC_WARN_ABOUT_RETURN_TYPE = YES_ERROR;
				GCC_WARN_UNDECLARED_SELECTOR = YES;
				GCC_WARN_UNINITIALIZED_AUTOS = YES_AGGRESSIVE;
				GCC_WARN_UNUSED_FUNCTION = YES;
				GCC_WARN_UNUSED_VARIABLE = YES;
				MACOSX_DEPLOYMENT_TARGET = 10.14;
				MTL_ENABLE_DEBUG_INFO = INCLUDE_SOURCE;
				MTL_FAST_MATH = YES;
				ONLY_ACTIVE_ARCH = YES;
				SDKROOT = macosx;
			};
			name = Debug;
		};
		7EC84F6A228A03380035B557 /* Release */ = {
			isa = XCBuildConfiguration;
			buildSettings = {
				ALWAYS_SEARCH_USER_PATHS = NO;
				CLANG_ANALYZER_NONNULL = YES;
				CLANG_ANALYZER_NUMBER_OBJECT_CONVERSION = YES_AGGRESSIVE;
				CLANG_CXX_LANGUAGE_STANDARD = "gnu++14";
				CLANG_CXX_LIBRARY = "libc++";
				CLANG_ENABLE_MODULES = YES;
				CLANG_ENABLE_OBJC_ARC = YES;
				CLANG_ENABLE_OBJC_WEAK = YES;
				CLANG_WARN_BLOCK_CAPTURE_AUTORELEASING = YES;
				CLANG_WARN_BOOL_CONVERSION = YES;
				CLANG_WARN_COMMA = YES;
				CLANG_WARN_CONSTANT_CONVERSION = YES;
				CLANG_WARN_DEPRECATED_OBJC_IMPLEMENTATIONS = YES;
				CLANG_WARN_DIRECT_OBJC_ISA_USAGE = YES_ERROR;
				CLANG_WARN_DOCUMENTATION_COMMENTS = YES;
				CLANG_WARN_EMPTY_BODY = YES;
				CLANG_WARN_ENUM_CONVERSION = YES;
				CLANG_WARN_INFINITE_RECURSION = YES;
				CLANG_WARN_INT_CONVERSION = YES;
				CLANG_WARN_NON_LITERAL_NULL_CONVERSION = YES;
				CLANG_WARN_OBJC_IMPLICIT_RETAIN_SELF = YES;
				CLANG_WARN_OBJC_LITERAL_CONVERSION = YES;
				CLANG_WARN_OBJC_ROOT_CLASS = YES_ERROR;
				CLANG_WARN_RANGE_LOOP_ANALYSIS = YES;
				CLANG_WARN_STRICT_PROTOTYPES = YES;
				CLANG_WARN_SUSPICIOUS_MOVE = YES;
				CLANG_WARN_UNGUARDED_AVAILABILITY = YES_AGGRESSIVE;
				CLANG_WARN_UNREACHABLE_CODE = YES;
				CLANG_WARN__DUPLICATE_METHOD_MATCH = YES;
				CODE_SIGN_IDENTITY = "Mac Developer";
				COPY_PHASE_STRIP = NO;
				DEBUG_INFORMATION_FORMAT = "dwarf-with-dsym";
				ENABLE_NS_ASSERTIONS = NO;
				ENABLE_STRICT_OBJC_MSGSEND = YES;
				GCC_C_LANGUAGE_STANDARD = gnu11;
				GCC_NO_COMMON_BLOCKS = YES;
				GCC_WARN_64_TO_32_BIT_CONVERSION = YES;
				GCC_WARN_ABOUT_RETURN_TYPE = YES_ERROR;
				GCC_WARN_UNDECLARED_SELECTOR = YES;
				GCC_WARN_UNINITIALIZED_AUTOS = YES_AGGRESSIVE;
				GCC_WARN_UNUSED_FUNCTION = YES;
				GCC_WARN_UNUSED_VARIABLE = YES;
				MACOSX_DEPLOYMENT_TARGET = 10.14;
				MTL_ENABLE_DEBUG_INFO = NO;
				MTL_FAST_MATH = YES;
				SDKROOT = macosx;
			};
			name = Release;
		};
		7EC84F6C228A03380035B557 /* Debug */ = {
			isa = XCBuildConfiguration;
			buildSettings = {
				CODE_SIGN_STYLE = Automatic;
				DEVELOPMENT_TEAM = 4AFFM98UVG;
				PRODUCT_NAME = "$(TARGET_NAME)";
			};
			name = Debug;
		};
		7EC84F6D228A03380035B557 /* Release */ = {
			isa = XCBuildConfiguration;
			buildSettings = {
				CODE_SIGN_STYLE = Automatic;
				DEVELOPMENT_TEAM = 4AFFM98UVG;
				PRODUCT_NAME = "$(TARGET_NAME)";
			};
			name = Release;
		};
/* End XCBuildConfiguration section */

/* Begin XCConfigurationList section */
		7EC84F5F228A03370035B557 /* Build configuration list for PBXProject "cpp-algorithm-club" */ = {
			isa = XCConfigurationList;
			buildConfigurations = (
				7EC84F69228A03380035B557 /* Debug */,
				7EC84F6A228A03380035B557 /* Release */,
			);
			defaultConfigurationIsVisible = 0;
			defaultConfigurationName = Release;
		};
		7EC84F6B228A03380035B557 /* Build configuration list for PBXNativeTarget "cpp-algorithm-club" */ = {
			isa = XCConfigurationList;
			buildConfigurations = (
				7EC84F6C228A03380035B557 /* Debug */,
				7EC84F6D228A03380035B557 /* Release */,
			);
			defaultConfigurationIsVisible = 0;
			defaultConfigurationName = Release;
		};
/* End XCConfigurationList section */
	};
	rootObject = 7EC84F5C228A03370035B557 /* Project object */;
}
